{
  "version": 4,
  "terraform_version": "1.9.8",
  "serial": 5,
  "lineage": "946f032b-f4c4-35ce-f261-aadc5f652922",
  "outputs": {
    "k8s_connector_id": {
      "value": "chaos_k8s_connector",
      "type": "string"
    },
    "organization_id": {
      "value": "chaos_engineering",
      "type": "string"
    },
    "project_id": {
      "value": "chaos_onboarding",
      "type": "string"
    }
  },
  "resources": [
    {
      "mode": "managed",
      "type": "harness_platform_connector_kubernetes",
      "name": "chaos_k8s",
      "provider": "provider[\"registry.terraform.io/harness/harness\"]",
      "instances": [
        {
          "schema_version": 0,
          "attributes": {
            "client_key_cert": [],
            "delegate_selectors": null,
            "description": "Kubernetes connector for chaos engineering (inherits credentials from delegate)",
            "force_delete": null,
            "id": "chaos_k8s_connector",
            "identifier": "chaos_k8s_connector",
            "inherit_from_delegate": [
              {
                "delegate_selectors": [
                  "shashank-delegate"
                ]
              }
            ],
            "name": "Chaos K8s Connector",
            "openid_connect": [],
            "org_id": "chaos_engineering",
            "project_id": "chaos_onboarding",
            "service_account": [],
            "tags": [
              "managed_by=terraform",
              "purpose=chaos-onboarding"
            ],
            "username_password": []
          },
          "sensitive_attributes": [],
          "private": "bnVsbA==",
          "dependencies": [
            "harness_platform_organization.chaos_org",
            "harness_platform_project.chaos_project"
          ]
        }
      ]
    },
    {
      "mode": "managed",
      "type": "harness_platform_organization",
      "name": "chaos_org",
      "provider": "provider[\"registry.terraform.io/harness/harness\"]",
      "instances": [
        {
          "schema_version": 0,
          "attributes": {
            "description": "Organization for Chaos Engineering onboarding",
            "id": "chaos_engineering",
            "identifier": "chaos_engineering",
            "name": "Chaos Engineering",
            "tags": [
              "managed_by=terraform",
              "purpose=chaos-onboarding"
            ]
          },
          "sensitive_attributes": [],
          "private": "bnVsbA=="
        }
      ]
    },
    {
      "mode": "managed",
      "type": "harness_platform_project",
      "name": "chaos_project",
      "provider": "provider[\"registry.terraform.io/harness/harness\"]",
      "instances": [
        {
          "schema_version": 0,
          "attributes": {
            "color": "#0063F7",
            "description": "Project for Kubernetes chaos engineering",
            "id": "chaos_onboarding",
            "identifier": "chaos_onboarding",
            "modules": [
              "AARP",
              "AASP",
              "AAST",
              "AISRE",
              "CD",
              "CE",
              "CET",
              "CF",
              "CHAOS",
              "CI",
              "CODE",
              "CORE",
              "CV",
              "DBOPS",
              "FME",
              "HAR",
              "IACM",
              "IDP",
              "PMS",
              "SEI",
              "SRM",
              "SSCA",
              "STO",
              "TEMPLATESERVICE"
            ],
            "name": "Chaos Onboarding",
            "org_id": "chaos_engineering",
            "tags": [
              "managed_by=terraform",
              "purpose=chaos-onboarding"
            ]
          },
          "sensitive_attributes": [],
          "private": "bnVsbA==",
          "dependencies": [
            "harness_platform_organization.chaos_org"
          ]
        }
      ]
    }
  ],
  "check_results": null
}
