{
  "version": 4,
  "terraform_version": "1.9.8",
  "serial": 7,
  "lineage": "946f032b-f4c4-35ce-f261-aadc5f652922",
  "outputs": {
    "discovery_agent_name": {
      "value": "chaos-discovery-agent",
      "type": "string"
    },
    "k8s_connector_id": {
      "value": "chaos_k8s_connector",
      "type": "string"
    },
    "organization_id": {
      "value": "chaos_engineering",
      "type": "string"
    },
    "project_id": {
      "value": "chaos_onboarding",
      "type": "string"
    }
  },
  "resources": [
    {
      "mode": "managed",
      "type": "harness_platform_connector_kubernetes",
      "name": "chaos_k8s",
      "provider": "provider[\"registry.terraform.io/harness/harness\"]",
      "instances": [
        {
          "schema_version": 0,
          "attributes": {
            "client_key_cert": [],
            "delegate_selectors": null,
            "description": "Kubernetes connector for chaos engineering (inherits credentials from delegate)",
            "force_delete": null,
            "id": "chaos_k8s_connector",
            "identifier": "chaos_k8s_connector",
            "inherit_from_delegate": [
              {
                "delegate_selectors": [
                  "shashank-delegate"
                ]
              }
            ],
            "name": "Chaos K8s Connector",
            "openid_connect": [],
            "org_id": "chaos_engineering",
            "project_id": "chaos_onboarding",
            "service_account": [],
            "tags": [
              "managed_by=terraform",
              "purpose=chaos-onboarding"
            ],
            "username_password": []
          },
          "sensitive_attributes": [],
          "private": "bnVsbA==",
          "dependencies": [
            "harness_platform_organization.chaos_org",
            "harness_platform_project.chaos_project"
          ]
        }
      ]
    },
    {
      "mode": "managed",
      "type": "harness_platform_organization",
      "name": "chaos_org",
      "provider": "provider[\"registry.terraform.io/harness/harness\"]",
      "instances": [
        {
          "schema_version": 0,
          "attributes": {
            "description": "Organization for Chaos Engineering onboarding",
            "id": "chaos_engineering",
            "identifier": "chaos_engineering",
            "name": "Chaos Engineering",
            "tags": [
              "managed_by=terraform",
              "purpose=chaos-onboarding"
            ]
          },
          "sensitive_attributes": [],
          "private": "bnVsbA=="
        }
      ]
    },
    {
      "mode": "managed",
      "type": "harness_platform_project",
      "name": "chaos_project",
      "provider": "provider[\"registry.terraform.io/harness/harness\"]",
      "instances": [
        {
          "schema_version": 0,
          "attributes": {
            "color": "#0063F7",
            "description": "Project for Kubernetes chaos engineering",
            "id": "chaos_onboarding",
            "identifier": "chaos_onboarding",
            "modules": [
              "AARP",
              "AASP",
              "AAST",
              "AISRE",
              "CD",
              "CE",
              "CET",
              "CF",
              "CHAOS",
              "CI",
              "CODE",
              "CORE",
              "CV",
              "DBOPS",
              "FME",
              "HAR",
              "IACM",
              "IDP",
              "PMS",
              "SEI",
              "SRM",
              "SSCA",
              "STO",
              "TEMPLATESERVICE"
            ],
            "name": "Chaos Onboarding",
            "org_id": "chaos_engineering",
            "tags": [
              "managed_by=terraform",
              "purpose=chaos-onboarding"
            ]
          },
          "sensitive_attributes": [],
          "private": "bnVsbA==",
          "dependencies": [
            "harness_platform_organization.chaos_org"
          ]
        }
      ]
    },
    {
      "mode": "managed",
      "type": "harness_service_discovery_agent",
      "name": "chaos_discovery",
      "provider": "provider[\"registry.terraform.io/harness/harness\"]",
      "instances": [
        {
          "schema_version": 0,
          "attributes": {
            "config": [
              {
                "collector_image": "",
                "data": [
                  {
                    "blacklisted_namespaces": [],
                    "collection_window_in_min": 5,
                    "cron": [
                      {
                        "expression": "0/15 * * * *"
                      }
                    ],
                    "enable_batch_resources": false,
                    "enable_node_agent": false,
                    "enable_orphaned_pod": false,
                    "namespace_selector": "",
                    "node_agent_selector": "",
                    "observed_namespaces": []
                  }
                ],
                "image_pull_secrets": null,
                "kubernetes": [
                  {
                    "annotations": null,
                    "disable_namespace_creation": false,
                    "image_pull_policy": "IfNotPresent",
                    "labels": null,
                    "namespace": "harness",
                    "namespaced": false,
                    "node_selector": null,
                    "resources": [],
                    "run_as_group": 2000,
                    "run_as_user": 2000,
                    "service_account": "",
                    "tolerations": []
                  }
                ],
                "log_watcher_image": "",
                "mtls": [],
                "proxy": [],
                "skip_secure_verify": false
              }
            ],
            "correlation_id": "fa8d4a49dfe546afb17001d43268827b",
            "created_at": "2026-05-13T11:07:31.675Z",
            "created_by": "Shashank Dwivedi",
            "description": "Discovery agent for infrastructure identity chaos_k8s_infra",
            "environment_identifier": "chaos_environment",
            "id": "6a045b73e3a64ae461f76984",
            "identity": "chaos_k8s_infra",
            "infra_identifier": "chaos_k8s_infra",
            "installation_details": [
              {
                "account_identifier": "SxuV0ChbRqWGSYClFlMQMQ",
                "agent_details": [
                  {
                    "cluster": [],
                    "status": "PENDING"
                  }
                ],
                "agent_id": "",
                "created_at": "2026-05-13T11:07:32.45Z",
                "created_by": "",
                "delegate_id": "",
                "delegate_task_id": "0FfQqBICQwmG-7orKtKRAg-DEL",
                "delegate_task_status": "PROCESSED",
                "environment_identifier": "chaos_environment",
                "id": "6a045b74e3a64ae461f76985",
                "is_cron_triggered": false,
                "log_stream_created_at": "2026-05-13T11:07:32.45Z",
                "log_stream_id": "1c8adcd9-26ac-4eb3-9454-c947a7ed2934",
                "organization_identifier": "chaos_engineering",
                "project_identifier": "chaos_onboarding",
                "removed": false,
                "stopped": false,
                "updated_at": "",
                "updated_by": ""
              }
            ],
            "installation_type": "CONNECTOR",
            "name": "chaos-discovery-agent",
            "network_map_count": 0,
            "org_identifier": "chaos_engineering",
            "permanent_installation": false,
            "project_identifier": "chaos_onboarding",
            "removed": null,
            "removed_at": null,
            "service_count": 0,
            "tags": [],
            "updated_at": "2026-05-13T11:07:31.675Z",
            "updated_by": "Shashank Dwivedi",
            "webhook_url": ""
          },
          "sensitive_attributes": [],
          "private": "bnVsbA=="
        }
      ]
    }
  ],
  "check_results": null
}
